dependencies:
- name: postgresql
  repository: https://charts.bitnami.com/bitnami
  version: 18.0.8
- name: redis
  repository: https://charts.bitnami.com/bitnami
  version: 20.6.3
digest: sha256:9ffe93915806cda065d39e6d7fafd15d6e858e4fd35074e40f502e261fadf9e5
generated: "2026-05-01T17:53:35.304674+04:00"
