dependencies:
- name: postgresql
  repository: https://charts.bitnami.com/bitnami
  version: 18.0.8
- name: dagger-helm
  repository: oci://registry.dagger.io
  version: 0.21.7
digest: sha256:e4b0d7fdfc33c45816eb5a4427c440b641113ad94efbea5257aee628d3ca73ef
generated: "2026-07-03T11:59:11.769191-04:00"
